{
    "packages": [
        {
            "name": "foo/foo",
            "version": "1.0.0"
        },
        {
            "name": "foo/bar",
            "version": "1.1.0"
        },
        {
            "name": "foo/baz",
            "version": "v1.0.34"
        },
        {
            "name": "test/foo",
            "version": "2.4.5"
        },
        {
            "name": "test/bar",
            "version": "2.0.3"
        },
        {
            "name": "test/baz",
            "version": "v1.0.33"
        }
    ]
}
